
Microsoft Visual Studio Solution File, Format Version 12.00
# Visual Studio Version 17
VisualStudioVersion = 17.9.34622.214
MinimumVisualStudioVersion = 10.0.40219.1
Project("{FAE04EC0-301F-11D3-BF4B-00C04F79EFBC}") = "LengthCalculator", "LengthCalculator.csproj", "{4755C725-2F17-415A-AC53-5C405989C1A2}"
EndProject
Global
	GlobalSection(SolutionConfigurationPlatforms) = preSolution
		Debug|Any CPU = Debug|Any CPU
		Release|Any CPU = Release|Any CPU
	EndGlobalSection
	GlobalSection(ProjectConfigurationPlatforms) = postSolution
		{4755C725-2F17-415A-AC53-5C405989C1A2}.Debug|Any CPU.ActiveCfg = Debug|Any CPU
		{4755C725-2F17-415A-AC53-5C405989C1A2}.Debug|Any CPU.Build.0 = Debug|Any CPU
		{4755C725-2F17-415A-AC53-5C405989C1A2}.Release|Any CPU.ActiveCfg = Release|Any CPU
		{4755C725-2F17-415A-AC53-5C405989C1A2}.Release|Any CPU.Build.0 = Release|Any CPU
	EndGlobalSection
	GlobalSection(SolutionProperties) = preSolution
		HideSolutionNode = FALSE
	EndGlobalSection
	GlobalSection(ExtensibilityGlobals) = postSolution
		SolutionGuid = {E966B5B6-1C58-4D81-88BB-75ED7BD3AFB3}
	EndGlobalSection
EndGlobal
